
Microsoft Visual Studio Solution File, Format Version 12.00
# Visual Studio 14
VisualStudioVersion = 14.0.25420.1
MinimumVisualStudioVersion = 10.0.40219.1
Project("{2150E333-8FDC-42A3-9474-1A3956D46DE8}") = "src", "src", "{F32F3847-F905-4C3B-A483-8AE5FF3E7B5E}"
EndProject
Project("{2150E333-8FDC-42A3-9474-1A3956D46DE8}") = "Solution Items", "Solution Items", "{B2AED96F-C3D1-44C9-8301-C140A597A2CF}"
	ProjectSection(SolutionItems) = preProject
		global.json = global.json
		LICENSE = LICENSE
		README.md = README.md
	EndProjectSection
EndProject
Project("{8BB2217D-0F2D-49D1-97BC-3654ED321F3B}") = "Unconference.AspNetCoreApp", "src\Unconference.AspNetCoreApp\Unconference.AspNetCoreApp.xproj", "{5F43CCE2-5D15-4D67-9812-171BBA98716B}"
EndProject
Global
	GlobalSection(SolutionConfigurationPlatforms) = preSolution
		Debug|Any CPU = Debug|Any CPU
		Release|Any CPU = Release|Any CPU
	EndGlobalSection
	GlobalSection(ProjectConfigurationPlatforms) = postSolution
		{5F43CCE2-5D15-4D67-9812-171BBA98716B}.Debug|Any CPU.ActiveCfg = Debug|Any CPU
		{5F43CCE2-5D15-4D67-9812-171BBA98716B}.Debug|Any CPU.Build.0 = Debug|Any CPU
		{5F43CCE2-5D15-4D67-9812-171BBA98716B}.Release|Any CPU.ActiveCfg = Release|Any CPU
		{5F43CCE2-5D15-4D67-9812-171BBA98716B}.Release|Any CPU.Build.0 = Release|Any CPU
	EndGlobalSection
	GlobalSection(SolutionProperties) = preSolution
		HideSolutionNode = FALSE
	EndGlobalSection
	GlobalSection(NestedProjects) = preSolution
		{5F43CCE2-5D15-4D67-9812-171BBA98716B} = {F32F3847-F905-4C3B-A483-8AE5FF3E7B5E}
	EndGlobalSection
EndGlobal
